// !$*UTF8*$!
{
	archiveVersion = 1;
	classes = {
	};
	objectVersion = 48;
	objects = {

/* Begin PBXBuildFile section */
		741F39D72027B5AA0035F65F /* nooo.mp3 in Resources */ = {isa = PBXBuildFile; fileRef = 741F39D62027B5AA0035F65F /* nooo.mp3 */; };
		7481A26F201EA5AC00D025FD /* AppDelegate.swift in Sources */ = {isa = PBXBuildFile; fileRef = 7481A26E201EA5AC00D025FD /* AppDelegate.swift */; };
		7481A271201EA5AC00D025FD /* ViewController.swift in Sources */ = {isa = PBXBuildFile; fileRef = 7481A270201EA5AC00D025FD /* ViewController.swift */; };
		7481A274201EA5AC00D025FD /* Main.storyboard in Resources */ = {isa = PBXBuildFile; fileRef = 7481A272201EA5AC00D025FD /* Main.storyboard */; };
		7481A276201EA5AC00D025FD /* Assets.xcassets in Resources */ = {isa = PBXBuildFile; fileRef = 7481A275201EA5AC00D025FD /* Assets.xcassets */; };
		7481A279201EA5AC00D025FD /* LaunchScreen.storyboard in Resources */ = {isa = PBXBuildFile; fileRef = 7481A277201EA5AC00D025FD /* LaunchScreen.storyboard */; };
		74FE09A3202293C9006DFAA3 /* SlotLogic.swift in Sources */ = {isa = PBXBuildFile; fileRef = 74FE09A2202293C9006DFAA3 /* SlotLogic.swift */; };
		74FE09AA2023A2F1006DFAA3 /* spin.wav in Resources */ = {isa = PBXBuildFile; fileRef = 74FE09A62023A2F0006DFAA3 /* spin.wav */; };
		74FE09AB2023A2F1006DFAA3 /* reset.wav in Resources */ = {isa = PBXBuildFile; fileRef = 74FE09A72023A2F0006DFAA3 /* reset.wav */; };
		74FE09AD2023A56A006DFAA3 /* betS.wav in Resources */ = {isa = PBXBuildFile; fileRef = 74FE09AC2023A56A006DFAA3 /* betS.wav */; };
		74FE09AF202413C0006DFAA3 /* SecondViewController.swift in Sources */ = {isa = PBXBuildFile; fileRef = 74FE09AE202413C0006DFAA3 /* SecondViewController.swift */; };
		74FE09B12024F6C6006DFAA3 /* jackpot.wav in Resources */ = {isa = PBXBuildFile; fileRef = 74FE09B02024F6C5006DFAA3 /* jackpot.wav */; };
		74FE09B32024F6CC006DFAA3 /* quit.wav in Resources */ = {isa = PBXBuildFile; fileRef = 74FE09B22024F6CC006DFAA3 /* quit.wav */; };
		74FE09B52024F6EC006DFAA3 /* legend.wav in Resources */ = {isa = PBXBuildFile; fileRef = 74FE09B42024F6EC006DFAA3 /* legend.wav */; };
/* End PBXBuildFile section */

/* Begin PBXFileReference section */
		741F39D62027B5AA0035F65F /* nooo.mp3 */ = {isa = PBXFileReference; lastKnownFileType = audio.mp3; path = nooo.mp3; sourceTree = "<group>"; };
		7481A26B201EA5AC00D025FD /* MAPD124-Assignment1-TimofeiSopin.app */ = {isa = PBXFileReference; explicitFileType = wrapper.application; includeInIndex = 0; path = "MAPD124-Assignment1-TimofeiSopin.app"; sourceTree = BUILT_PRODUCTS_DIR; };
		7481A26E201EA5AC00D025FD /* AppDelegate.swift */ = {isa = PBXFileReference; lastKnownFileType = sourcecode.swift; path = AppDelegate.swift; sourceTree = "<group>"; };
		7481A270201EA5AC00D025FD /* ViewController.swift */ = {isa = PBXFileReference; lastKnownFileType = sourcecode.swift; path = ViewController.swift; sourceTree = "<group>"; };
		7481A273201EA5AC00D025FD /* Base */ = {isa = PBXFileReference; lastKnownFileType = file.storyboard; name = Base; path = Base.lproj/Main.storyboard; sourceTree = "<group>"; };
		7481A275201EA5AC00D025FD /* Assets.xcassets */ = {isa = PBXFileReference; lastKnownFileType = folder.assetcatalog; path = Assets.xcassets; sourceTree = "<group>"; };
		7481A278201EA5AC00D025FD /* Base */ = {isa = PBXFileReference; lastKnownFileType = file.storyboard; name = Base; path = Base.lproj/LaunchScreen.storyboard; sourceTree = "<group>"; };
		7481A27A201EA5AC00D025FD /* Info.plist */ = {isa = PBXFileReference; lastKnownFileType = text.plist.xml; path = Info.plist; sourceTree = "<group>"; };
		74FE09A2202293C9006DFAA3 /* SlotLogic.swift */ = {isa = PBXFileReference; lastKnownFileType = sourcecode.swift; path = SlotLogic.swift; sourceTree = "<group>"; };
		74FE09A62023A2F0006DFAA3 /* spin.wav */ = {isa = PBXFileReference; lastKnownFileType = audio.wav; path = spin.wav; sourceTree = "<group>"; };
		74FE09A72023A2F0006DFAA3 /* reset.wav */ = {isa = PBXFileReference; lastKnownFileType = audio.wav; path = reset.wav; sourceTree = "<group>"; };
		74FE09AC2023A56A006DFAA3 /* betS.wav */ = {isa = PBXFileReference; lastKnownFileType = audio.wav; path = betS.wav; sourceTree = "<group>"; };
		74FE09AE202413C0006DFAA3 /* SecondViewController.swift */ = {isa = PBXFileReference; lastKnownFileType = sourcecode.swift; path = SecondViewController.swift; sourceTree = "<group>"; };
		74FE09B02024F6C5006DFAA3 /* jackpot.wav */ = {isa = PBXFileReference; lastKnownFileType = audio.wav; path = jackpot.wav; sourceTree = "<group>"; };
		74FE09B22024F6CC006DFAA3 /* quit.wav */ = {isa = PBXFileReference; lastKnownFileType = audio.wav; path = quit.wav; sourceTree = "<group>"; };
		74FE09B42024F6EC006DFAA3 /* legend.wav */ = {isa = PBXFileReference; lastKnownFileType = audio.wav; path = legend.wav; sourceTree = "<group>"; };
/* End PBXFileReference section */

/* Begin PBXFrameworksBuildPhase section */
		7481A268201EA5AC00D025FD /* Frameworks */ = {
			isa = PBXFrameworksBuildPhase;
			buildActionMask = 2147483647;
			files = (
			);
			runOnlyForDeploymentPostprocessing = 0;
		};
/* End PBXFrameworksBuildPhase section */

/* Begin PBXGroup section */
		7481A262201EA5AC00D025FD = {
			isa = PBXGroup;
			children = (
				7481A26D201EA5AC00D025FD /* MAPD124-Assignment1-TimofeiSopin */,
				7481A26C201EA5AC00D025FD /* Products */,
			);
			sourceTree = "<group>";
		};
		7481A26C201EA5AC00D025FD /* Products */ = {
			isa = PBXGroup;
			children = (
				7481A26B201EA5AC00D025FD /* MAPD124-Assignment1-TimofeiSopin.app */,
			);
			name = Products;
			sourceTree = "<group>";
		};
		7481A26D201EA5AC00D025FD /* MAPD124-Assignment1-TimofeiSopin */ = {
			isa = PBXGroup;
			children = (
				7481A280201EA5E100D025FD /* Model */,
				7481A281201EA5E900D025FD /* View */,
				7481A282201EA5F000D025FD /* Controller */,
				7481A283201EA64600D025FD /* Supporting Files */,
				7481A275201EA5AC00D025FD /* Assets.xcassets */,
				7481A27A201EA5AC00D025FD /* Info.plist */,
				7481A277201EA5AC00D025FD /* LaunchScreen.storyboard */,
			);
			path = "MAPD124-Assignment1-TimofeiSopin";
			sourceTree = "<group>";
		};
		7481A280201EA5E100D025FD /* Model */ = {
			isa = PBXGroup;
			children = (
				74FE09A2202293C9006DFAA3 /* SlotLogic.swift */,
			);
			path = Model;
			sourceTree = "<group>";
		};
		7481A281201EA5E900D025FD /* View */ = {
			isa = PBXGroup;
			children = (
				7481A272201EA5AC00D025FD /* Main.storyboard */,
			);
			path = View;
			sourceTree = "<group>";
		};
		7481A282201EA5F000D025FD /* Controller */ = {
			isa = PBXGroup;
			children = (
				7481A26E201EA5AC00D025FD /* AppDelegate.swift */,
				7481A270201EA5AC00D025FD /* ViewController.swift */,
				74FE09AE202413C0006DFAA3 /* SecondViewController.swift */,
			);
			path = Controller;
			sourceTree = "<group>";
		};
		7481A283201EA64600D025FD /* Supporting Files */ = {
			isa = PBXGroup;
			children = (
				74FE09A72023A2F0006DFAA3 /* reset.wav */,
				74FE09A62023A2F0006DFAA3 /* spin.wav */,
				741F39D62027B5AA0035F65F /* nooo.mp3 */,
				74FE09B02024F6C5006DFAA3 /* jackpot.wav */,
				74FE09B22024F6CC006DFAA3 /* quit.wav */,
				74FE09B42024F6EC006DFAA3 /* legend.wav */,
				74FE09AC2023A56A006DFAA3 /* betS.wav */,
			);
			path = "Supporting Files";
			sourceTree = "<group>";
		};
/* End PBXGroup section */

/* Begin PBXNativeTarget section */
		7481A26A201EA5AC00D025FD /* MAPD124-Assignment1-TimofeiSopin */ = {
			isa = PBXNativeTarget;
			buildConfigurationList = 7481A27D201EA5AC00D025FD /* Build configuration list for PBXNativeTarget "MAPD124-Assignment1-TimofeiSopin" */;
			buildPhases = (
				7481A267201EA5AC00D025FD /* Sources */,
				7481A268201EA5AC00D025FD /* Frameworks */,
				7481A269201EA5AC00D025FD /* Resources */,
			);
			buildRules = (
			);
			dependencies = (
			);
			name = "MAPD124-Assignment1-TimofeiSopin";
			productName = "MAPD124-Assignment1-TimofeiSopin";
			productReference = 7481A26B201EA5AC00D025FD /* MAPD124-Assignment1-TimofeiSopin.app */;
			productType = "com.apple.product-type.application";
		};
/* End PBXNativeTarget section */

/* Begin PBXProject section */
		7481A263201EA5AC00D025FD /* Project object */ = {
			isa = PBXProject;
			attributes = {
				LastSwiftUpdateCheck = 0920;
				LastUpgradeCheck = 0920;
				ORGANIZATIONNAME = "Centennial College";
				TargetAttributes = {
					7481A26A201EA5AC00D025FD = {
						CreatedOnToolsVersion = 9.2;
						ProvisioningStyle = Automatic;
					};
				};
			};
			buildConfigurationList = 7481A266201EA5AC00D025FD /* Build configuration list for PBXProject "MAPD124-Assignment1-TimofeiSopin" */;
			compatibilityVersion = "Xcode 8.0";
			developmentRegion = en;
			hasScannedForEncodings = 0;
			knownRegions = (
				en,
				Base,
			);
			mainGroup = 7481A262201EA5AC00D025FD;
			productRefGroup = 7481A26C201EA5AC00D025FD /* Products */;
			projectDirPath = "";
			projectRoot = "";
			targets = (
				7481A26A201EA5AC00D025FD /* MAPD124-Assignment1-TimofeiSopin */,
			);
		};
/* End PBXProject section */

/* Begin PBXResourcesBuildPhase section */
		7481A269201EA5AC00D025FD /* Resources */ = {
			isa = PBXResourcesBuildPhase;
			buildActionMask = 2147483647;
			files = (
				74FE09AB2023A2F1006DFAA3 /* reset.wav in Resources */,
				74FE09B52024F6EC006DFAA3 /* legend.wav in Resources */,
				7481A279201EA5AC00D025FD /* LaunchScreen.storyboard in Resources */,
				74FE09B12024F6C6006DFAA3 /* jackpot.wav in Resources */,
				74FE09AA2023A2F1006DFAA3 /* spin.wav in Resources */,
				741F39D72027B5AA0035F65F /* nooo.mp3 in Resources */,
				7481A276201EA5AC00D025FD /* Assets.xcassets in Resources */,
				74FE09B32024F6CC006DFAA3 /* quit.wav in Resources */,
				7481A274201EA5AC00D025FD /* Main.storyboard in Resources */,
				74FE09AD2023A56A006DFAA3 /* betS.wav in Resources */,
			);
			runOnlyForDeploymentPostprocessing = 0;
		};
/* End PBXResourcesBuildPhase section */

/* Begin PBXSourcesBuildPhase section */
		7481A267201EA5AC00D025FD /* Sources */ = {
			isa = PBXSourcesBuildPhase;
			buildActionMask = 2147483647;
			files = (
				74FE09AF202413C0006DFAA3 /* SecondViewController.swift in Sources */,
				7481A271201EA5AC00D025FD /* ViewController.swift in Sources */,
				7481A26F201EA5AC00D025FD /* AppDelegate.swift in Sources */,
				74FE09A3202293C9006DFAA3 /* SlotLogic.swift in Sources */,
			);
			runOnlyForDeploymentPostprocessing = 0;
		};
/* End PBXSourcesBuildPhase section */

/* Begin PBXVariantGroup section */
		7481A272201EA5AC00D025FD /* Main.storyboard */ = {
			isa = PBXVariantGroup;
			children = (
				7481A273201EA5AC00D025FD /* Base */,
			);
			name = Main.storyboard;
			sourceTree = "<group>";
		};
		7481A277201EA5AC00D025FD /* LaunchScreen.storyboard */ = {
			isa = PBXVariantGroup;
			children = (
				7481A278201EA5AC00D025FD /* Base */,
			);
			name = LaunchScreen.storyboard;
			sourceTree = "<group>";
		};
/* End PBXVariantGroup section */

/* Begin XCBuildConfiguration section */
		7481A27B201EA5AC00D025FD /* Debug */ = {
			isa = XCBuildConfiguration;
			buildSettings = {
				ALWAYS_SEARCH_USER_PATHS = NO;
				CLANG_ANALYZER_NONNULL = YES;
				CLANG_ANALYZER_NUMBER_OBJECT_CONVERSION = YES_AGGRESSIVE;
				CLANG_CXX_LANGUAGE_STANDARD = "gnu++14";
				CLANG_CXX_LIBRARY = "libc++";
				CLANG_ENABLE_MODULES = YES;
				CLANG_ENABLE_OBJC_ARC = YES;
				CLANG_WARN_BLOCK_CAPTURE_AUTORELEASING = YES;
				CLANG_WARN_BOOL_CONVERSION = YES;
				CLANG_WARN_COMMA = YES;
				CLANG_WARN_CONSTANT_CONVERSION = YES;
				CLANG_WARN_DIRECT_OBJC_ISA_USAGE = YES_ERROR;
				CLANG_WARN_DOCUMENTATION_COMMENTS = YES;
				CLANG_WARN_EMPTY_BODY = YES;
				CLANG_WARN_ENUM_CONVERSION = YES;
				CLANG_WARN_INFINITE_RECURSION = YES;
				CLANG_WARN_INT_CONVERSION = YES;
				CLANG_WARN_NON_LITERAL_NULL_CONVERSION = YES;
				CLANG_WARN_OBJC_LITERAL_CONVERSION = YES;
				CLANG_WARN_OBJC_ROOT_CLASS = YES_ERROR;
				CLANG_WARN_RANGE_LOOP_ANALYSIS = YES;
				CLANG_WARN_STRICT_PROTOTYPES = YES;
				CLANG_WARN_SUSPICIOUS_MOVE = YES;
				CLANG_WARN_UNGUARDED_AVAILABILITY = YES_AGGRESSIVE;
				CLANG_WARN_UNREACHABLE_CODE = YES;
				CLANG_WARN__DUPLICATE_METHOD_MATCH = YES;
				CODE_SIGN_IDENTITY = "iPhone Developer";
				COPY_PHASE_STRIP = NO;
				DEBUG_INFORMATION_FORMAT = dwarf;
				ENABLE_STRICT_OBJC_MSGSEND = YES;
				ENABLE_TESTABILITY = YES;
				GCC_C_LANGUAGE_STANDARD = gnu11;
				GCC_DYNAMIC_NO_PIC = NO;
				GCC_NO_COMMON_BLOCKS = YES;
				GCC_OPTIMIZATION_LEVEL = 0;
				GCC_PREPROCESSOR_DEFINITIONS = (
					"DEBUG=1",
					"$(inherited)",
				);
				GCC_WARN_64_TO_32_BIT_CONVERSION = YES;
				GCC_WARN_ABOUT_RETURN_TYPE = YES_ERROR;
				GCC_WARN_UNDECLARED_SELECTOR = YES;
				GCC_WARN_UNINITIALIZED_AUTOS = YES_AGGRESSIVE;
				GCC_WARN_UNUSED_FUNCTION = YES;
				GCC_WARN_UNUSED_VARIABLE = YES;
				IPHONEOS_DEPLOYMENT_TARGET = 11.2;
				MTL_ENABLE_DEBUG_INFO = YES;
				ONLY_ACTIVE_ARCH = YES;
				SDKROOT = iphoneos;
				SWIFT_ACTIVE_COMPILATION_CONDITIONS = DEBUG;
				SWIFT_OPTIMIZATION_LEVEL = "-Onone";
			};
			name = Debug;
		};
		7481A27C201EA5AC00D025FD /* Release */ = {
			isa = XCBuildConfiguration;
			buildSettings = {
				ALWAYS_SEARCH_USER_PATHS = NO;
				CLANG_ANALYZER_NONNULL = YES;
				CLANG_ANALYZER_NUMBER_OBJECT_CONVERSION = YES_AGGRESSIVE;
				CLANG_CXX_LANGUAGE_STANDARD = "gnu++14";
				CLANG_CXX_LIBRARY = "libc++";
				CLANG_ENABLE_MODULES = YES;
				CLANG_ENABLE_OBJC_ARC = YES;
				CLANG_WARN_BLOCK_CAPTURE_AUTORELEASING = YES;
				CLANG_WARN_BOOL_CONVERSION = YES;
				CLANG_WARN_COMMA = YES;
				CLANG_WARN_CONSTANT_CONVERSION = YES;
				CLANG_WARN_DIRECT_OBJC_ISA_USAGE = YES_ERROR;
				CLANG_WARN_DOCUMENTATION_COMMENTS = YES;
				CLANG_WARN_EMPTY_BODY = YES;
				CLANG_WARN_ENUM_CONVERSION = YES;
				CLANG_WARN_INFINITE_RECURSION = YES;
				CLANG_WARN_INT_CONVERSION = YES;
				CLANG_WARN_NON_LITERAL_NULL_CONVERSION = YES;
				CLANG_WARN_OBJC_LITERAL_CONVERSION = YES;
				CLANG_WARN_OBJC_ROOT_CLASS = YES_ERROR;
				CLANG_WARN_RANGE_LOOP_ANALYSIS = YES;
				CLANG_WARN_STRICT_PROTOTYPES = YES;
				CLANG_WARN_SUSPICIOUS_MOVE = YES;
				CLANG_WARN_UNGUARDED_AVAILABILITY = YES_AGGRESSIVE;
				CLANG_WARN_UNREACHABLE_CODE = YES;
				CLANG_WARN__DUPLICATE_METHOD_MATCH = YES;
				CODE_SIGN_IDENTITY = "iPhone Developer";
				COPY_PHASE_STRIP = NO;
				DEBUG_INFORMATION_FORMAT = "dwarf-with-dsym";
				ENABLE_NS_ASSERTIONS = NO;
				ENABLE_STRICT_OBJC_MSGSEND = YES;
				GCC_C_LANGUAGE_STANDARD = gnu11;
				GCC_NO_COMMON_BLOCKS = YES;
				GCC_WARN_64_TO_32_BIT_CONVERSION = YES;
				GCC_WARN_ABOUT_RETURN_TYPE = YES_ERROR;
				GCC_WARN_UNDECLARED_SELECTOR = YES;
				GCC_WARN_UNINITIALIZED_AUTOS = YES_AGGRESSIVE;
				GCC_WARN_UNUSED_FUNCTION = YES;
				GCC_WARN_UNUSED_VARIABLE = YES;
				IPHONEOS_DEPLOYMENT_TARGET = 11.2;
				MTL_ENABLE_DEBUG_INFO = NO;
				SDKROOT = iphoneos;
				SWIFT_OPTIMIZATION_LEVEL = "-Owholemodule";
				VALIDATE_PRODUCT = YES;
			};
			name = Release;
		};
		7481A27E201EA5AC00D025FD /* Debug */ = {
			isa = XCBuildConfiguration;
			buildSettings = {
				ASSETCATALOG_COMPILER_APPICON_NAME = AppIcon;
				CODE_SIGN_STYLE = Automatic;
				DEVELOPMENT_TEAM = 2BULHRS882;
				INFOPLIST_FILE = "MAPD124-Assignment1-TimofeiSopin/Info.plist";
				LD_RUNPATH_SEARCH_PATHS = "$(inherited) @executable_path/Frameworks";
				PRODUCT_BUNDLE_IDENTIFIER = "ca.centennialcollege.MAPD124-Assignment1-TimofeiSopin";
				PRODUCT_NAME = "$(TARGET_NAME)";
				SWIFT_VERSION = 4.0;
				TARGETED_DEVICE_FAMILY = 1;
			};
			name = Debug;
		};
		7481A27F201EA5AC00D025FD /* Release */ = {
			isa = XCBuildConfiguration;
			buildSettings = {
				ASSETCATALOG_COMPILER_APPICON_NAME = AppIcon;
				CODE_SIGN_STYLE = Automatic;
				DEVELOPMENT_TEAM = 2BULHRS882;
				INFOPLIST_FILE = "MAPD124-Assignment1-TimofeiSopin/Info.plist";
				LD_RUNPATH_SEARCH_PATHS = "$(inherited) @executable_path/Frameworks";
				PRODUCT_BUNDLE_IDENTIFIER = "ca.centennialcollege.MAPD124-Assignment1-TimofeiSopin";
				PRODUCT_NAME = "$(TARGET_NAME)";
				SWIFT_VERSION = 4.0;
				TARGETED_DEVICE_FAMILY = 1;
			};
			name = Release;
		};
/* End XCBuildConfiguration section */

/* Begin XCConfigurationList section */
		7481A266201EA5AC00D025FD /* Build configuration list for PBXProject "MAPD124-Assignment1-TimofeiSopin" */ = {
			isa = XCConfigurationList;
			buildConfigurations = (
				7481A27B201EA5AC00D025FD /* Debug */,
				7481A27C201EA5AC00D025FD /* Release */,
			);
			defaultConfigurationIsVisible = 0;
			defaultConfigurationName = Release;
		};
		7481A27D201EA5AC00D025FD /* Build configuration list for PBXNativeTarget "MAPD124-Assignment1-TimofeiSopin" */ = {
			isa = XCConfigurationList;
			buildConfigurations = (
				7481A27E201EA5AC00D025FD /* Debug */,
				7481A27F201EA5AC00D025FD /* Release */,
			);
			defaultConfigurationIsVisible = 0;
			defaultConfigurationName = Release;
		};
/* End XCConfigurationList section */
	};
	rootObject = 7481A263201EA5AC00D025FD /* Project object */;
}
